
Microsoft Visual Studio Solution File, Format Version 11.00
# Visual Studio 2010
Project("{FAE04EC0-301F-11D3-BF4B-00C04F79EFBC}") = "QHacks-2018", "Assembly-CSharp.csproj", "{8C3E4231-84A0-865D-171F-FB9116181D64}"
EndProject
Project("{FAE04EC0-301F-11D3-BF4B-00C04F79EFBC}") = "QHacks-2018", "Assembly-CSharp-Editor.csproj", "{1486F3DE-808D-D770-2F2A-F68A053E1138}"
EndProject
Global
	GlobalSection(SolutionConfigurationPlatforms) = preSolution
		Debug|Any CPU = Debug|Any CPU
		Release|Any CPU = Release|Any CPU
	EndGlobalSection
	GlobalSection(ProjectConfigurationPlatforms) = postSolution
		{8C3E4231-84A0-865D-171F-FB9116181D64}.Debug|Any CPU.ActiveCfg = Debug|Any CPU
		{8C3E4231-84A0-865D-171F-FB9116181D64}.Debug|Any CPU.Build.0 = Debug|Any CPU
		{8C3E4231-84A0-865D-171F-FB9116181D64}.Release|Any CPU.ActiveCfg = Release|Any CPU
		{8C3E4231-84A0-865D-171F-FB9116181D64}.Release|Any CPU.Build.0 = Release|Any CPU
		{1486F3DE-808D-D770-2F2A-F68A053E1138}.Debug|Any CPU.ActiveCfg = Debug|Any CPU
		{1486F3DE-808D-D770-2F2A-F68A053E1138}.Debug|Any CPU.Build.0 = Debug|Any CPU
		{1486F3DE-808D-D770-2F2A-F68A053E1138}.Release|Any CPU.ActiveCfg = Release|Any CPU
		{1486F3DE-808D-D770-2F2A-F68A053E1138}.Release|Any CPU.Build.0 = Release|Any CPU
	EndGlobalSection
	GlobalSection(SolutionProperties) = preSolution
		HideSolutionNode = FALSE
	EndGlobalSection
	GlobalSection(MonoDevelopProperties) = preSolution
		StartupItem = Assembly-CSharp.csproj
	EndGlobalSection
EndGlobal
